// !$*UTF8*$!
{
	archiveVersion = 1;
	classes = {
	};
	objectVersion = 50;
	objects = {

/* Begin PBXBuildFile section */
		777DFB7A2452FF6100F8BDE4 /* AppDelegate.swift in Sources */ = {isa = PBXBuildFile; fileRef = 777DFB792452FF6100F8BDE4 /* AppDelegate.swift */; };
		777DFB7C2452FF6100F8BDE4 /* SceneDelegate.swift in Sources */ = {isa = PBXBuildFile; fileRef = 777DFB7B2452FF6100F8BDE4 /* SceneDelegate.swift */; };
		777DFB7E2452FF6100F8BDE4 /* ViewController.swift in Sources */ = {isa = PBXBuildFile; fileRef = 777DFB7D2452FF6100F8BDE4 /* ViewController.swift */; };
		777DFB812452FF6100F8BDE4 /* Main.storyboard in Resources */ = {isa = PBXBuildFile; fileRef = 777DFB7F2452FF6100F8BDE4 /* Main.storyboard */; };
		777DFB832452FF6300F8BDE4 /* Assets.xcassets in Resources */ = {isa = PBXBuildFile; fileRef = 777DFB822452FF6300F8BDE4 /* Assets.xcassets */; };
		777DFB862452FF6300F8BDE4 /* LaunchScreen.storyboard in Resources */ = {isa = PBXBuildFile; fileRef = 777DFB842452FF6300F8BDE4 /* LaunchScreen.storyboard */; };
		77B2B8FA24531EBC00B3ED62 /* Card.swift in Sources */ = {isa = PBXBuildFile; fileRef = 77B2B8F924531EBC00B3ED62 /* Card.swift */; };
		77B2B8FC24532D5E00B3ED62 /* SetGamePlay.swift in Sources */ = {isa = PBXBuildFile; fileRef = 77B2B8FB24532D5E00B3ED62 /* SetGamePlay.swift */; };
		77B2B8FE2453365800B3ED62 /* CardButton.swift in Sources */ = {isa = PBXBuildFile; fileRef = 77B2B8FD2453365800B3ED62 /* CardButton.swift */; };
		77CD39532455C93D00D28637 /* RoundedButton.swift in Sources */ = {isa = PBXBuildFile; fileRef = 77CD39522455C93D00D28637 /* RoundedButton.swift */; };
/* End PBXBuildFile section */

/* Begin PBXFileReference section */
		777DFB762452FF6100F8BDE4 /* Set.app */ = {isa = PBXFileReference; explicitFileType = wrapper.application; includeInIndex = 0; path = Set.app; sourceTree = BUILT_PRODUCTS_DIR; };
		777DFB792452FF6100F8BDE4 /* AppDelegate.swift */ = {isa = PBXFileReference; lastKnownFileType = sourcecode.swift; path = AppDelegate.swift; sourceTree = "<group>"; };
		777DFB7B2452FF6100F8BDE4 /* SceneDelegate.swift */ = {isa = PBXFileReference; lastKnownFileType = sourcecode.swift; path = SceneDelegate.swift; sourceTree = "<group>"; };
		777DFB7D2452FF6100F8BDE4 /* ViewController.swift */ = {isa = PBXFileReference; lastKnownFileType = sourcecode.swift; path = ViewController.swift; sourceTree = "<group>"; };
		777DFB802452FF6100F8BDE4 /* Base */ = {isa = PBXFileReference; lastKnownFileType = file.storyboard; name = Base; path = Base.lproj/Main.storyboard; sourceTree = "<group>"; };
		777DFB822452FF6300F8BDE4 /* Assets.xcassets */ = {isa = PBXFileReference; lastKnownFileType = folder.assetcatalog; path = Assets.xcassets; sourceTree = "<group>"; };
		777DFB852452FF6300F8BDE4 /* Base */ = {isa = PBXFileReference; lastKnownFileType = file.storyboard; name = Base; path = Base.lproj/LaunchScreen.storyboard; sourceTree = "<group>"; };
		777DFB872452FF6300F8BDE4 /* Info.plist */ = {isa = PBXFileReference; lastKnownFileType = text.plist.xml; path = Info.plist; sourceTree = "<group>"; };
		77B2B8F924531EBC00B3ED62 /* Card.swift */ = {isa = PBXFileReference; lastKnownFileType = sourcecode.swift; path = Card.swift; sourceTree = "<group>"; };
		77B2B8FB24532D5E00B3ED62 /* SetGamePlay.swift */ = {isa = PBXFileReference; lastKnownFileType = sourcecode.swift; path = SetGamePlay.swift; sourceTree = "<group>"; };
		77B2B8FD2453365800B3ED62 /* CardButton.swift */ = {isa = PBXFileReference; lastKnownFileType = sourcecode.swift; path = CardButton.swift; sourceTree = "<group>"; };
		77CD39522455C93D00D28637 /* RoundedButton.swift */ = {isa = PBXFileReference; lastKnownFileType = sourcecode.swift; path = RoundedButton.swift; sourceTree = "<group>"; };
/* End PBXFileReference section */

/* Begin PBXFrameworksBuildPhase section */
		777DFB732452FF6100F8BDE4 /* Frameworks */ = {
			isa = PBXFrameworksBuildPhase;
			buildActionMask = 2147483647;
			files = (
			);
			runOnlyForDeploymentPostprocessing = 0;
		};
/* End PBXFrameworksBuildPhase section */

/* Begin PBXGroup section */
		777DFB6D2452FF6100F8BDE4 = {
			isa = PBXGroup;
			children = (
				777DFB782452FF6100F8BDE4 /* Set */,
				777DFB772452FF6100F8BDE4 /* Products */,
			);
			sourceTree = "<group>";
		};
		777DFB772452FF6100F8BDE4 /* Products */ = {
			isa = PBXGroup;
			children = (
				777DFB762452FF6100F8BDE4 /* Set.app */,
			);
			name = Products;
			sourceTree = "<group>";
		};
		777DFB782452FF6100F8BDE4 /* Set */ = {
			isa = PBXGroup;
			children = (
				777DFB842452FF6300F8BDE4 /* LaunchScreen.storyboard */,
				777DFB7F2452FF6100F8BDE4 /* Main.storyboard */,
				77CD39512455B4FA00D28637 /* Controller */,
				77CD39502455B4DF00D28637 /* View */,
				77CD394F2455B4C600D28637 /* Model */,
				777DFB8D2453119800F8BDE4 /* Supporting Files */,
				777DFB872452FF6300F8BDE4 /* Info.plist */,
			);
			path = Set;
			sourceTree = "<group>";
		};
		777DFB8D2453119800F8BDE4 /* Supporting Files */ = {
			isa = PBXGroup;
			children = (
				777DFB792452FF6100F8BDE4 /* AppDelegate.swift */,
				777DFB7B2452FF6100F8BDE4 /* SceneDelegate.swift */,
				777DFB822452FF6300F8BDE4 /* Assets.xcassets */,
			);
			path = "Supporting Files";
			sourceTree = "<group>";
		};
		77CD394F2455B4C600D28637 /* Model */ = {
			isa = PBXGroup;
			children = (
				77B2B8F924531EBC00B3ED62 /* Card.swift */,
				77B2B8FB24532D5E00B3ED62 /* SetGamePlay.swift */,
			);
			path = Model;
			sourceTree = "<group>";
		};
		77CD39502455B4DF00D28637 /* View */ = {
			isa = PBXGroup;
			children = (
				77B2B8FD2453365800B3ED62 /* CardButton.swift */,
				77CD39522455C93D00D28637 /* RoundedButton.swift */,
			);
			path = View;
			sourceTree = "<group>";
		};
		77CD39512455B4FA00D28637 /* Controller */ = {
			isa = PBXGroup;
			children = (
				777DFB7D2452FF6100F8BDE4 /* ViewController.swift */,
			);
			path = Controller;
			sourceTree = "<group>";
		};
/* End PBXGroup section */

/* Begin PBXNativeTarget section */
		777DFB752452FF6100F8BDE4 /* Set */ = {
			isa = PBXNativeTarget;
			buildConfigurationList = 777DFB8A2452FF6300F8BDE4 /* Build configuration list for PBXNativeTarget "Set" */;
			buildPhases = (
				777DFB722452FF6100F8BDE4 /* Sources */,
				777DFB732452FF6100F8BDE4 /* Frameworks */,
				777DFB742452FF6100F8BDE4 /* Resources */,
			);
			buildRules = (
			);
			dependencies = (
			);
			name = Set;
			productName = Set;
			productReference = 777DFB762452FF6100F8BDE4 /* Set.app */;
			productType = "com.apple.product-type.application";
		};
/* End PBXNativeTarget section */

/* Begin PBXProject section */
		777DFB6E2452FF6100F8BDE4 /* Project object */ = {
			isa = PBXProject;
			attributes = {
				LastSwiftUpdateCheck = 1130;
				LastUpgradeCheck = 1130;
				ORGANIZATIONNAME = "Mohamed Aboughazala";
				TargetAttributes = {
					777DFB752452FF6100F8BDE4 = {
						CreatedOnToolsVersion = 11.3.1;
					};
				};
			};
			buildConfigurationList = 777DFB712452FF6100F8BDE4 /* Build configuration list for PBXProject "Set" */;
			compatibilityVersion = "Xcode 9.3";
			developmentRegion = en;
			hasScannedForEncodings = 0;
			knownRegions = (
				en,
				Base,
			);
			mainGroup = 777DFB6D2452FF6100F8BDE4;
			productRefGroup = 777DFB772452FF6100F8BDE4 /* Products */;
			projectDirPath = "";
			projectRoot = "";
			targets = (
				777DFB752452FF6100F8BDE4 /* Set */,
			);
		};
/* End PBXProject section */

/* Begin PBXResourcesBuildPhase section */
		777DFB742452FF6100F8BDE4 /* Resources */ = {
			isa = PBXResourcesBuildPhase;
			buildActionMask = 2147483647;
			files = (
				777DFB862452FF6300F8BDE4 /* LaunchScreen.storyboard in Resources */,
				777DFB832452FF6300F8BDE4 /* Assets.xcassets in Resources */,
				777DFB812452FF6100F8BDE4 /* Main.storyboard in Resources */,
			);
			runOnlyForDeploymentPostprocessing = 0;
		};
/* End PBXResourcesBuildPhase section */

/* Begin PBXSourcesBuildPhase section */
		777DFB722452FF6100F8BDE4 /* Sources */ = {
			isa = PBXSourcesBuildPhase;
			buildActionMask = 2147483647;
			files = (
				77B2B8FC24532D5E00B3ED62 /* SetGamePlay.swift in Sources */,
				77B2B8FE2453365800B3ED62 /* CardButton.swift in Sources */,
				777DFB7E2452FF6100F8BDE4 /* ViewController.swift in Sources */,
				777DFB7A2452FF6100F8BDE4 /* AppDelegate.swift in Sources */,
				77CD39532455C93D00D28637 /* RoundedButton.swift in Sources */,
				777DFB7C2452FF6100F8BDE4 /* SceneDelegate.swift in Sources */,
				77B2B8FA24531EBC00B3ED62 /* Card.swift in Sources */,
			);
			runOnlyForDeploymentPostprocessing = 0;
		};
/* End PBXSourcesBuildPhase section */

/* Begin PBXVariantGroup section */
		777DFB7F2452FF6100F8BDE4 /* Main.storyboard */ = {
			isa = PBXVariantGroup;
			children = (
				777DFB802452FF6100F8BDE4 /* Base */,
			);
			name = Main.storyboard;
			sourceTree = "<group>";
		};
		777DFB842452FF6300F8BDE4 /* LaunchScreen.storyboard */ = {
			isa = PBXVariantGroup;
			children = (
				777DFB852452FF6300F8BDE4 /* Base */,
			);
			name = LaunchScreen.storyboard;
			sourceTree = "<group>";
		};
/* End PBXVariantGroup section */

/* Begin XCBuildConfiguration section */
		777DFB882452FF6300F8BDE4 /* Debug */ = {
			isa = XCBuildConfiguration;
			buildSettings = {
				ALWAYS_SEARCH_USER_PATHS = NO;
				CLANG_ANALYZER_NONNULL = YES;
				CLANG_ANALYZER_NUMBER_OBJECT_CONVERSION = YES_AGGRESSIVE;
				CLANG_CXX_LANGUAGE_STANDARD = "gnu++14";
				CLANG_CXX_LIBRARY = "libc++";
				CLANG_ENABLE_MODULES = YES;
				CLANG_ENABLE_OBJC_ARC = YES;
				CLANG_ENABLE_OBJC_WEAK = YES;
				CLANG_WARN_BLOCK_CAPTURE_AUTORELEASING = YES;
				CLANG_WARN_BOOL_CONVERSION = YES;
				CLANG_WARN_COMMA = YES;
				CLANG_WARN_CONSTANT_CONVERSION = YES;
				CLANG_WARN_DEPRECATED_OBJC_IMPLEMENTATIONS = YES;
				CLANG_WARN_DIRECT_OBJC_ISA_USAGE = YES_ERROR;
				CLANG_WARN_DOCUMENTATION_COMMENTS = YES;
				CLANG_WARN_EMPTY_BODY = YES;
				CLANG_WARN_ENUM_CONVERSION = YES;
				CLANG_WARN_INFINITE_RECURSION = YES;
				CLANG_WARN_INT_CONVERSION = YES;
				CLANG_WARN_NON_LITERAL_NULL_CONVERSION = YES;
				CLANG_WARN_OBJC_IMPLICIT_RETAIN_SELF = YES;
				CLANG_WARN_OBJC_LITERAL_CONVERSION = YES;
				CLANG_WARN_OBJC_ROOT_CLASS = YES_ERROR;
				CLANG_WARN_RANGE_LOOP_ANALYSIS = YES;
				CLANG_WARN_STRICT_PROTOTYPES = YES;
				CLANG_WARN_SUSPICIOUS_MOVE = YES;
				CLANG_WARN_UNGUARDED_AVAILABILITY = YES_AGGRESSIVE;
				CLANG_WARN_UNREACHABLE_CODE = YES;
				CLANG_WARN__DUPLICATE_METHOD_MATCH = YES;
				COPY_PHASE_STRIP = NO;
				DEBUG_INFORMATION_FORMAT = dwarf;
				ENABLE_STRICT_OBJC_MSGSEND = YES;
				ENABLE_TESTABILITY = YES;
				GCC_C_LANGUAGE_STANDARD = gnu11;
				GCC_DYNAMIC_NO_PIC = NO;
				GCC_NO_COMMON_BLOCKS = YES;
				GCC_OPTIMIZATION_LEVEL = 0;
				GCC_PREPROCESSOR_DEFINITIONS = (
					"DEBUG=1",
					"$(inherited)",
				);
				GCC_WARN_64_TO_32_BIT_CONVERSION = YES;
				GCC_WARN_ABOUT_RETURN_TYPE = YES_ERROR;
				GCC_WARN_UNDECLARED_SELECTOR = YES;
				GCC_WARN_UNINITIALIZED_AUTOS = YES_AGGRESSIVE;
				GCC_WARN_UNUSED_FUNCTION = YES;
				GCC_WARN_UNUSED_VARIABLE = YES;
				IPHONEOS_DEPLOYMENT_TARGET = 13.2;
				MTL_ENABLE_DEBUG_INFO = INCLUDE_SOURCE;
				MTL_FAST_MATH = YES;
				ONLY_ACTIVE_ARCH = YES;
				SDKROOT = iphoneos;
				SWIFT_ACTIVE_COMPILATION_CONDITIONS = DEBUG;
				SWIFT_OPTIMIZATION_LEVEL = "-Onone";
			};
			name = Debug;
		};
		777DFB892452FF6300F8BDE4 /* Release */ = {
			isa = XCBuildConfiguration;
			buildSettings = {
				ALWAYS_SEARCH_USER_PATHS = NO;
				CLANG_ANALYZER_NONNULL = YES;
				CLANG_ANALYZER_NUMBER_OBJECT_CONVERSION = YES_AGGRESSIVE;
				CLANG_CXX_LANGUAGE_STANDARD = "gnu++14";
				CLANG_CXX_LIBRARY = "libc++";
				CLANG_ENABLE_MODULES = YES;
				CLANG_ENABLE_OBJC_ARC = YES;
				CLANG_ENABLE_OBJC_WEAK = YES;
				CLANG_WARN_BLOCK_CAPTURE_AUTORELEASING = YES;
				CLANG_WARN_BOOL_CONVERSION = YES;
				CLANG_WARN_COMMA = YES;
				CLANG_WARN_CONSTANT_CONVERSION = YES;
				CLANG_WARN_DEPRECATED_OBJC_IMPLEMENTATIONS = YES;
				CLANG_WARN_DIRECT_OBJC_ISA_USAGE = YES_ERROR;
				CLANG_WARN_DOCUMENTATION_COMMENTS = YES;
				CLANG_WARN_EMPTY_BODY = YES;
				CLANG_WARN_ENUM_CONVERSION = YES;
				CLANG_WARN_INFINITE_RECURSION = YES;
				CLANG_WARN_INT_CONVERSION = YES;
				CLANG_WARN_NON_LITERAL_NULL_CONVERSION = YES;
				CLANG_WARN_OBJC_IMPLICIT_RETAIN_SELF = YES;
				CLANG_WARN_OBJC_LITERAL_CONVERSION = YES;
				CLANG_WARN_OBJC_ROOT_CLASS = YES_ERROR;
				CLANG_WARN_RANGE_LOOP_ANALYSIS = YES;
				CLANG_WARN_STRICT_PROTOTYPES = YES;
				CLANG_WARN_SUSPICIOUS_MOVE = YES;
				CLANG_WARN_UNGUARDED_AVAILABILITY = YES_AGGRESSIVE;
				CLANG_WARN_UNREACHABLE_CODE = YES;
				CLANG_WARN__DUPLICATE_METHOD_MATCH = YES;
				COPY_PHASE_STRIP = NO;
				DEBUG_INFORMATION_FORMAT = "dwarf-with-dsym";
				ENABLE_NS_ASSERTIONS = NO;
				ENABLE_STRICT_OBJC_MSGSEND = YES;
				GCC_C_LANGUAGE_STANDARD = gnu11;
				GCC_NO_COMMON_BLOCKS = YES;
				GCC_WARN_64_TO_32_BIT_CONVERSION = YES;
				GCC_WARN_ABOUT_RETURN_TYPE = YES_ERROR;
				GCC_WARN_UNDECLARED_SELECTOR = YES;
				GCC_WARN_UNINITIALIZED_AUTOS = YES_AGGRESSIVE;
				GCC_WARN_UNUSED_FUNCTION = YES;
				GCC_WARN_UNUSED_VARIABLE = YES;
				IPHONEOS_DEPLOYMENT_TARGET = 13.2;
				MTL_ENABLE_DEBUG_INFO = NO;
				MTL_FAST_MATH = YES;
				SDKROOT = iphoneos;
				SWIFT_COMPILATION_MODE = wholemodule;
				SWIFT_OPTIMIZATION_LEVEL = "-O";
				VALIDATE_PRODUCT = YES;
			};
			name = Release;
		};
		777DFB8B2452FF6300F8BDE4 /* Debug */ = {
			isa = XCBuildConfiguration;
			buildSettings = {
				ASSETCATALOG_COMPILER_APPICON_NAME = AppIcon;
				CODE_SIGN_STYLE = Automatic;
				DEVELOPMENT_TEAM = TYLV92HBDQ;
				INFOPLIST_FILE = Set/Info.plist;
				LD_RUNPATH_SEARCH_PATHS = (
					"$(inherited)",
					"@executable_path/Frameworks",
				);
				PRODUCT_BUNDLE_IDENTIFIER = com.Set;
				PRODUCT_NAME = "$(TARGET_NAME)";
				SWIFT_VERSION = 5.0;
				TARGETED_DEVICE_FAMILY = "1,2";
			};
			name = Debug;
		};
		777DFB8C2452FF6300F8BDE4 /* Release */ = {
			isa = XCBuildConfiguration;
			buildSettings = {
				ASSETCATALOG_COMPILER_APPICON_NAME = AppIcon;
				CODE_SIGN_STYLE = Automatic;
				DEVELOPMENT_TEAM = TYLV92HBDQ;
				INFOPLIST_FILE = Set/Info.plist;
				LD_RUNPATH_SEARCH_PATHS = (
					"$(inherited)",
					"@executable_path/Frameworks",
				);
				PRODUCT_BUNDLE_IDENTIFIER = com.Set;
				PRODUCT_NAME = "$(TARGET_NAME)";
				SWIFT_VERSION = 5.0;
				TARGETED_DEVICE_FAMILY = "1,2";
			};
			name = Release;
		};
/* End XCBuildConfiguration section */

/* Begin XCConfigurationList section */
		777DFB712452FF6100F8BDE4 /* Build configuration list for PBXProject "Set" */ = {
			isa = XCConfigurationList;
			buildConfigurations = (
				777DFB882452FF6300F8BDE4 /* Debug */,
				777DFB892452FF6300F8BDE4 /* Release */,
			);
			defaultConfigurationIsVisible = 0;
			defaultConfigurationName = Release;
		};
		777DFB8A2452FF6300F8BDE4 /* Build configuration list for PBXNativeTarget "Set" */ = {
			isa = XCConfigurationList;
			buildConfigurations = (
				777DFB8B2452FF6300F8BDE4 /* Debug */,
				777DFB8C2452FF6300F8BDE4 /* Release */,
			);
			defaultConfigurationIsVisible = 0;
			defaultConfigurationName = Release;
		};
/* End XCConfigurationList section */
	};
	rootObject = 777DFB6E2452FF6100F8BDE4 /* Project object */;
}
